{
  "nodes": {
    "nix-env": {
      "inputs": {
        "nixpkgs": [
          "nixpkgs"
        ]
      },
      "locked": {
        "narHash": "sha256-z+fKP3kuAD/k+wMoJEo1xA6tGGKwCjGS0sFPIfKBIiU=",
        "rev": "0233fee5fd77709aa8efd2366b9b614b4d9bb6ec",
        "revCount": 22,
        "type": "tarball",
        "url": "https://api.flakehub.com/f/pinned/GetPsyched/nix-env/0.2.1/018aa30e-892d-77a6-b0ae-40aa73f3299c/source.tar.gz"
      },
      "original": {
        "type": "tarball",
        "url": "https://flakehub.com/f/GetPsyched/nix-env/0.x.x.tar.gz"
      }
    },
    "nixpkgs": {
      "locked": {
        "lastModified": 1694422566,
        "narHash": "sha256-lHJ+A9esOz9vln/3CJG23FV6Wd2OoOFbDeEs4cMGMqc=",
        "path": "/nix/store/zb2695k9v4hmjdki97p0yhd4mys270fs-source",
        "rev": "3a2786eea085f040a66ecde1bc3ddc7099f6dbeb",
        "type": "path"
      },
      "original": {
        "id": "nixpkgs",
        "type": "indirect"
      }
    },
    "root": {
      "inputs": {
        "nix-env": "nix-env",
        "nixpkgs": "nixpkgs"
      }
    }
  },
  "root": "root",
  "version": 7
}
