{
  "nodes": {
    "nixpkgs": {
      "locked": {
        "lastModified": 1702029940,
        "narHash": "sha256-qM3Du0perpLesh5hr87mVPZ79McMUKIWUH7EQMh2kWo=",
        "owner": "NixOS",
        "repo": "nixpkgs",
        "rev": "e9ef8a102c555da4f8f417fe5cf5bd539d8a38b7",
        "type": "github"
      },
      "original": {
        "id": "nixpkgs",
        "type": "indirect"
      }
    },
    "root": {
      "inputs": {
        "nixpkgs": "nixpkgs"
      }
    }
  },
  "root": "root",
  "version": 7
}
