{
  "nodes": {
    "nixpkgs": {
      "locked": {
        "lastModified": 1697723726,
        "narHash": "sha256-SaTWPkI8a5xSHX/rrKzUe+/uVNy6zCGMXgoeMb7T9rg=",
        "path": "/nix/store/4jfc6vrkmq7z5pb651jh5b4kra5f1kwp-source",
        "rev": "7c9cc5a6e5d38010801741ac830a3f8fd667a7a0",
        "type": "path"
      },
      "original": {
        "id": "nixpkgs",
        "type": "indirect"
      }
    },
    "root": {
      "inputs": {
        "nixpkgs": "nixpkgs"
      }
    }
  },
  "root": "root",
  "version": 7
}
